
Microsoft Visual Studio Solution File, Format Version 12.00
# Visual Studio Version 16
VisualStudioVersion = 16.0.30114.105
MinimumVisualStudioVersion = 10.0.40219.1
Project("{FAE04EC0-301F-11D3-BF4B-00C04F79EFBC}") = "Chapter11", "Chapter11\Chapter11.csproj", "{C9E0CAEA-397F-430E-AC22-90EE6D0636C2}"
EndProject
Global
	GlobalSection(SolutionConfigurationPlatforms) = preSolution
		Debug|Any CPU = Debug|Any CPU
		Release|Any CPU = Release|Any CPU
	EndGlobalSection
	GlobalSection(ProjectConfigurationPlatforms) = postSolution
		{C9E0CAEA-397F-430E-AC22-90EE6D0636C2}.Debug|Any CPU.ActiveCfg = Debug|Any CPU
		{C9E0CAEA-397F-430E-AC22-90EE6D0636C2}.Debug|Any CPU.Build.0 = Debug|Any CPU
		{C9E0CAEA-397F-430E-AC22-90EE6D0636C2}.Release|Any CPU.ActiveCfg = Release|Any CPU
		{C9E0CAEA-397F-430E-AC22-90EE6D0636C2}.Release|Any CPU.Build.0 = Release|Any CPU
	EndGlobalSection
	GlobalSection(SolutionProperties) = preSolution
		HideSolutionNode = FALSE
	EndGlobalSection
	GlobalSection(ExtensibilityGlobals) = postSolution
		SolutionGuid = {B7EE98E6-5345-477E-9A29-C7C56B327BDB}
	EndGlobalSection
EndGlobal
